// !$*UTF8*$!
{
	archiveVersion = 1;
	classes = {
	};
	objectVersion = 48;
	objects = {

/* Begin PBXBuildFile section */
		AB28535520A09A3B00EDE939 /* PersoonListViewController.swift in Sources */ = {isa = PBXBuildFile; fileRef = AB28535420A09A3B00EDE939 /* PersoonListViewController.swift */; };
		AB28535720A09A5C00EDE939 /* DetailViewController.swift in Sources */ = {isa = PBXBuildFile; fileRef = AB28535620A09A5C00EDE939 /* DetailViewController.swift */; };
		AB3A0ABB20A331D300F9A806 /* Annotation.swift in Sources */ = {isa = PBXBuildFile; fileRef = AB3A0ABA20A331D300F9A806 /* Annotation.swift */; };
		AB3A0ABD20A33E2100F9A806 /* ImageViewController.swift in Sources */ = {isa = PBXBuildFile; fileRef = AB3A0ABC20A33E2100F9A806 /* ImageViewController.swift */; };
		ABFB7AF820A0892000ACBB1A /* AppDelegate.swift in Sources */ = {isa = PBXBuildFile; fileRef = ABFB7AF720A0892000ACBB1A /* AppDelegate.swift */; };
		ABFB7AFD20A0892000ACBB1A /* Main.storyboard in Resources */ = {isa = PBXBuildFile; fileRef = ABFB7AFB20A0892000ACBB1A /* Main.storyboard */; };
		ABFB7AFF20A0892000ACBB1A /* Assets.xcassets in Resources */ = {isa = PBXBuildFile; fileRef = ABFB7AFE20A0892000ACBB1A /* Assets.xcassets */; };
		ABFB7B0220A0892000ACBB1A /* LaunchScreen.storyboard in Resources */ = {isa = PBXBuildFile; fileRef = ABFB7B0020A0892000ACBB1A /* LaunchScreen.storyboard */; };
		ABFB7B0D20A0892000ACBB1A /* werkstuk1Tests.swift in Sources */ = {isa = PBXBuildFile; fileRef = ABFB7B0C20A0892000ACBB1A /* werkstuk1Tests.swift */; };
		ABFB7B1820A0892000ACBB1A /* werkstuk1UITests.swift in Sources */ = {isa = PBXBuildFile; fileRef = ABFB7B1720A0892000ACBB1A /* werkstuk1UITests.swift */; };
		ABFB7B2620A08E8C00ACBB1A /* Persoon.swift in Sources */ = {isa = PBXBuildFile; fileRef = ABFB7B2520A08E8C00ACBB1A /* Persoon.swift */; };
		ABFB7B2820A0900E00ACBB1A /* Adres.swift in Sources */ = {isa = PBXBuildFile; fileRef = ABFB7B2720A0900E00ACBB1A /* Adres.swift */; };
		F557FD1E20A4642000A6D441 /* PersonenSingleton.swift in Sources */ = {isa = PBXBuildFile; fileRef = F557FD1D20A4642000A6D441 /* PersonenSingleton.swift */; };
		F568E3E920A47E7A004DBF00 /* LocatieViewController.swift in Sources */ = {isa = PBXBuildFile; fileRef = F568E3E820A47E7A004DBF00 /* LocatieViewController.swift */; };
/* End PBXBuildFile section */

/* Begin PBXContainerItemProxy section */
		ABFB7B0920A0892000ACBB1A /* PBXContainerItemProxy */ = {
			isa = PBXContainerItemProxy;
			containerPortal = ABFB7AEC20A0891F00ACBB1A /* Project object */;
			proxyType = 1;
			remoteGlobalIDString = ABFB7AF320A0891F00ACBB1A;
			remoteInfo = werkstuk1;
		};
		ABFB7B1420A0892000ACBB1A /* PBXContainerItemProxy */ = {
			isa = PBXContainerItemProxy;
			containerPortal = ABFB7AEC20A0891F00ACBB1A /* Project object */;
			proxyType = 1;
			remoteGlobalIDString = ABFB7AF320A0891F00ACBB1A;
			remoteInfo = werkstuk1;
		};
/* End PBXContainerItemProxy section */

/* Begin PBXFileReference section */
		AB28535420A09A3B00EDE939 /* PersoonListViewController.swift */ = {isa = PBXFileReference; lastKnownFileType = sourcecode.swift; path = PersoonListViewController.swift; sourceTree = "<group>"; };
		AB28535620A09A5C00EDE939 /* DetailViewController.swift */ = {isa = PBXFileReference; lastKnownFileType = sourcecode.swift; path = DetailViewController.swift; sourceTree = "<group>"; };
		AB3A0ABA20A331D300F9A806 /* Annotation.swift */ = {isa = PBXFileReference; lastKnownFileType = sourcecode.swift; path = Annotation.swift; sourceTree = "<group>"; };
		AB3A0ABC20A33E2100F9A806 /* ImageViewController.swift */ = {isa = PBXFileReference; lastKnownFileType = sourcecode.swift; path = ImageViewController.swift; sourceTree = "<group>"; };
		ABFB7AF420A0891F00ACBB1A /* werkstuk1.app */ = {isa = PBXFileReference; explicitFileType = wrapper.application; includeInIndex = 0; path = werkstuk1.app; sourceTree = BUILT_PRODUCTS_DIR; };
		ABFB7AF720A0892000ACBB1A /* AppDelegate.swift */ = {isa = PBXFileReference; lastKnownFileType = sourcecode.swift; path = AppDelegate.swift; sourceTree = "<group>"; };
		ABFB7AFC20A0892000ACBB1A /* Base */ = {isa = PBXFileReference; lastKnownFileType = file.storyboard; name = Base; path = Base.lproj/Main.storyboard; sourceTree = "<group>"; };
		ABFB7AFE20A0892000ACBB1A /* Assets.xcassets */ = {isa = PBXFileReference; lastKnownFileType = folder.assetcatalog; path = Assets.xcassets; sourceTree = "<group>"; };
		ABFB7B0120A0892000ACBB1A /* Base */ = {isa = PBXFileReference; lastKnownFileType = file.storyboard; name = Base; path = Base.lproj/LaunchScreen.storyboard; sourceTree = "<group>"; };
		ABFB7B0320A0892000ACBB1A /* Info.plist */ = {isa = PBXFileReference; lastKnownFileType = text.plist.xml; path = Info.plist; sourceTree = "<group>"; };
		ABFB7B0820A0892000ACBB1A /* werkstuk1Tests.xctest */ = {isa = PBXFileReference; explicitFileType = wrapper.cfbundle; includeInIndex = 0; path = werkstuk1Tests.xctest; sourceTree = BUILT_PRODUCTS_DIR; };
		ABFB7B0C20A0892000ACBB1A /* werkstuk1Tests.swift */ = {isa = PBXFileReference; lastKnownFileType = sourcecode.swift; path = werkstuk1Tests.swift; sourceTree = "<group>"; };
		ABFB7B0E20A0892000ACBB1A /* Info.plist */ = {isa = PBXFileReference; lastKnownFileType = text.plist.xml; path = Info.plist; sourceTree = "<group>"; };
		ABFB7B1320A0892000ACBB1A /* werkstuk1UITests.xctest */ = {isa = PBXFileReference; explicitFileType = wrapper.cfbundle; includeInIndex = 0; path = werkstuk1UITests.xctest; sourceTree = BUILT_PRODUCTS_DIR; };
		ABFB7B1720A0892000ACBB1A /* werkstuk1UITests.swift */ = {isa = PBXFileReference; lastKnownFileType = sourcecode.swift; path = werkstuk1UITests.swift; sourceTree = "<group>"; };
		ABFB7B1920A0892000ACBB1A /* Info.plist */ = {isa = PBXFileReference; lastKnownFileType = text.plist.xml; path = Info.plist; sourceTree = "<group>"; };
		ABFB7B2520A08E8C00ACBB1A /* Persoon.swift */ = {isa = PBXFileReference; lastKnownFileType = sourcecode.swift; path = Persoon.swift; sourceTree = "<group>"; };
		ABFB7B2720A0900E00ACBB1A /* Adres.swift */ = {isa = PBXFileReference; lastKnownFileType = sourcecode.swift; path = Adres.swift; sourceTree = "<group>"; };
		F525B26020A59B57009340D8 /* locatie.gpx */ = {isa = PBXFileReference; lastKnownFileType = text.xml; name = locatie.gpx; path = ../../locatie.gpx; sourceTree = "<group>"; };
		F557FD1D20A4642000A6D441 /* PersonenSingleton.swift */ = {isa = PBXFileReference; lastKnownFileType = sourcecode.swift; path = PersonenSingleton.swift; sourceTree = "<group>"; };
		F568E3E820A47E7A004DBF00 /* LocatieViewController.swift */ = {isa = PBXFileReference; lastKnownFileType = sourcecode.swift; path = LocatieViewController.swift; sourceTree = "<group>"; };
/* End PBXFileReference section */

/* Begin PBXFrameworksBuildPhase section */
		ABFB7AF120A0891F00ACBB1A /* Frameworks */ = {
			isa = PBXFrameworksBuildPhase;
			buildActionMask = 2147483647;
			files = (
			);
			runOnlyForDeploymentPostprocessing = 0;
		};
		ABFB7B0520A0892000ACBB1A /* Frameworks */ = {
			isa = PBXFrameworksBuildPhase;
			buildActionMask = 2147483647;
			files = (
			);
			runOnlyForDeploymentPostprocessing = 0;
		};
		ABFB7B1020A0892000ACBB1A /* Frameworks */ = {
			isa = PBXFrameworksBuildPhase;
			buildActionMask = 2147483647;
			files = (
			);
			runOnlyForDeploymentPostprocessing = 0;
		};
/* End PBXFrameworksBuildPhase section */

/* Begin PBXGroup section */
		ABFB7AEB20A0891F00ACBB1A = {
			isa = PBXGroup;
			children = (
				F525B26020A59B57009340D8 /* locatie.gpx */,
				ABFB7AF620A0891F00ACBB1A /* werkstuk1 */,
				ABFB7B0B20A0892000ACBB1A /* werkstuk1Tests */,
				ABFB7B1620A0892000ACBB1A /* werkstuk1UITests */,
				ABFB7AF520A0891F00ACBB1A /* Products */,
			);
			sourceTree = "<group>";
		};
		ABFB7AF520A0891F00ACBB1A /* Products */ = {
			isa = PBXGroup;
			children = (
				ABFB7AF420A0891F00ACBB1A /* werkstuk1.app */,
				ABFB7B0820A0892000ACBB1A /* werkstuk1Tests.xctest */,
				ABFB7B1320A0892000ACBB1A /* werkstuk1UITests.xctest */,
			);
			name = Products;
			sourceTree = "<group>";
		};
		ABFB7AF620A0891F00ACBB1A /* werkstuk1 */ = {
			isa = PBXGroup;
			children = (
				ABFB7AF720A0892000ACBB1A /* AppDelegate.swift */,
				ABFB7AFB20A0892000ACBB1A /* Main.storyboard */,
				F557FD1D20A4642000A6D441 /* PersonenSingleton.swift */,
				AB28535420A09A3B00EDE939 /* PersoonListViewController.swift */,
				AB28535620A09A5C00EDE939 /* DetailViewController.swift */,
				AB3A0ABC20A33E2100F9A806 /* ImageViewController.swift */,
				AB3A0ABA20A331D300F9A806 /* Annotation.swift */,
				ABFB7AFE20A0892000ACBB1A /* Assets.xcassets */,
				ABFB7B0020A0892000ACBB1A /* LaunchScreen.storyboard */,
				ABFB7B0320A0892000ACBB1A /* Info.plist */,
				ABFB7B2520A08E8C00ACBB1A /* Persoon.swift */,
				ABFB7B2720A0900E00ACBB1A /* Adres.swift */,
				F568E3E820A47E7A004DBF00 /* LocatieViewController.swift */,
			);
			path = werkstuk1;
			sourceTree = "<group>";
		};
		ABFB7B0B20A0892000ACBB1A /* werkstuk1Tests */ = {
			isa = PBXGroup;
			children = (
				ABFB7B0C20A0892000ACBB1A /* werkstuk1Tests.swift */,
				ABFB7B0E20A0892000ACBB1A /* Info.plist */,
			);
			path = werkstuk1Tests;
			sourceTree = "<group>";
		};
		ABFB7B1620A0892000ACBB1A /* werkstuk1UITests */ = {
			isa = PBXGroup;
			children = (
				ABFB7B1720A0892000ACBB1A /* werkstuk1UITests.swift */,
				ABFB7B1920A0892000ACBB1A /* Info.plist */,
			);
			path = werkstuk1UITests;
			sourceTree = "<group>";
		};
/* End PBXGroup section */

/* Begin PBXNativeTarget section */
		ABFB7AF320A0891F00ACBB1A /* werkstuk1 */ = {
			isa = PBXNativeTarget;
			buildConfigurationList = ABFB7B1C20A0892000ACBB1A /* Build configuration list for PBXNativeTarget "werkstuk1" */;
			buildPhases = (
				ABFB7AF020A0891F00ACBB1A /* Sources */,
				ABFB7AF120A0891F00ACBB1A /* Frameworks */,
				ABFB7AF220A0891F00ACBB1A /* Resources */,
			);
			buildRules = (
			);
			dependencies = (
			);
			name = werkstuk1;
			productName = werkstuk1;
			productReference = ABFB7AF420A0891F00ACBB1A /* werkstuk1.app */;
			productType = "com.apple.product-type.application";
		};
		ABFB7B0720A0892000ACBB1A /* werkstuk1Tests */ = {
			isa = PBXNativeTarget;
			buildConfigurationList = ABFB7B1F20A0892000ACBB1A /* Build configuration list for PBXNativeTarget "werkstuk1Tests" */;
			buildPhases = (
				ABFB7B0420A0892000ACBB1A /* Sources */,
				ABFB7B0520A0892000ACBB1A /* Frameworks */,
				ABFB7B0620A0892000ACBB1A /* Resources */,
			);
			buildRules = (
			);
			dependencies = (
				ABFB7B0A20A0892000ACBB1A /* PBXTargetDependency */,
			);
			name = werkstuk1Tests;
			productName = werkstuk1Tests;
			productReference = ABFB7B0820A0892000ACBB1A /* werkstuk1Tests.xctest */;
			productType = "com.apple.product-type.bundle.unit-test";
		};
		ABFB7B1220A0892000ACBB1A /* werkstuk1UITests */ = {
			isa = PBXNativeTarget;
			buildConfigurationList = ABFB7B2220A0892000ACBB1A /* Build configuration list for PBXNativeTarget "werkstuk1UITests" */;
			buildPhases = (
				ABFB7B0F20A0892000ACBB1A /* Sources */,
				ABFB7B1020A0892000ACBB1A /* Frameworks */,
				ABFB7B1120A0892000ACBB1A /* Resources */,
			);
			buildRules = (
			);
			dependencies = (
				ABFB7B1520A0892000ACBB1A /* PBXTargetDependency */,
			);
			name = werkstuk1UITests;
			productName = werkstuk1UITests;
			productReference = ABFB7B1320A0892000ACBB1A /* werkstuk1UITests.xctest */;
			productType = "com.apple.product-type.bundle.ui-testing";
		};
/* End PBXNativeTarget section */

/* Begin PBXProject section */
		ABFB7AEC20A0891F00ACBB1A /* Project object */ = {
			isa = PBXProject;
			attributes = {
				LastSwiftUpdateCheck = 0920;
				LastUpgradeCheck = 0930;
				ORGANIZATIONNAME = "DIRIX Pieter (s)";
				TargetAttributes = {
					ABFB7AF320A0891F00ACBB1A = {
						CreatedOnToolsVersion = 9.2;
						ProvisioningStyle = Automatic;
					};
					ABFB7B0720A0892000ACBB1A = {
						CreatedOnToolsVersion = 9.2;
						ProvisioningStyle = Automatic;
						TestTargetID = ABFB7AF320A0891F00ACBB1A;
					};
					ABFB7B1220A0892000ACBB1A = {
						CreatedOnToolsVersion = 9.2;
						ProvisioningStyle = Automatic;
						TestTargetID = ABFB7AF320A0891F00ACBB1A;
					};
				};
			};
			buildConfigurationList = ABFB7AEF20A0891F00ACBB1A /* Build configuration list for PBXProject "werkstuk1" */;
			compatibilityVersion = "Xcode 8.0";
			developmentRegion = en;
			hasScannedForEncodings = 0;
			knownRegions = (
				en,
				Base,
			);
			mainGroup = ABFB7AEB20A0891F00ACBB1A;
			productRefGroup = ABFB7AF520A0891F00ACBB1A /* Products */;
			projectDirPath = "";
			projectRoot = "";
			targets = (
				ABFB7AF320A0891F00ACBB1A /* werkstuk1 */,
				ABFB7B0720A0892000ACBB1A /* werkstuk1Tests */,
				ABFB7B1220A0892000ACBB1A /* werkstuk1UITests */,
			);
		};
/* End PBXProject section */

/* Begin PBXResourcesBuildPhase section */
		ABFB7AF220A0891F00ACBB1A /* Resources */ = {
			isa = PBXResourcesBuildPhase;
			buildActionMask = 2147483647;
			files = (
				ABFB7B0220A0892000ACBB1A /* LaunchScreen.storyboard in Resources */,
				ABFB7AFF20A0892000ACBB1A /* Assets.xcassets in Resources */,
				ABFB7AFD20A0892000ACBB1A /* Main.storyboard in Resources */,
			);
			runOnlyForDeploymentPostprocessing = 0;
		};
		ABFB7B0620A0892000ACBB1A /* Resources */ = {
			isa = PBXResourcesBuildPhase;
			buildActionMask = 2147483647;
			files = (
			);
			runOnlyForDeploymentPostprocessing = 0;
		};
		ABFB7B1120A0892000ACBB1A /* Resources */ = {
			isa = PBXResourcesBuildPhase;
			buildActionMask = 2147483647;
			files = (
			);
			runOnlyForDeploymentPostprocessing = 0;
		};
/* End PBXResourcesBuildPhase section */

/* Begin PBXSourcesBuildPhase section */
		ABFB7AF020A0891F00ACBB1A /* Sources */ = {
			isa = PBXSourcesBuildPhase;
			buildActionMask = 2147483647;
			files = (
				ABFB7B2820A0900E00ACBB1A /* Adres.swift in Sources */,
				ABFB7AF820A0892000ACBB1A /* AppDelegate.swift in Sources */,
				AB28535720A09A5C00EDE939 /* DetailViewController.swift in Sources */,
				AB3A0ABD20A33E2100F9A806 /* ImageViewController.swift in Sources */,
				ABFB7B2620A08E8C00ACBB1A /* Persoon.swift in Sources */,
				AB3A0ABB20A331D300F9A806 /* Annotation.swift in Sources */,
				F568E3E920A47E7A004DBF00 /* LocatieViewController.swift in Sources */,
				AB28535520A09A3B00EDE939 /* PersoonListViewController.swift in Sources */,
				F557FD1E20A4642000A6D441 /* PersonenSingleton.swift in Sources */,
			);
			runOnlyForDeploymentPostprocessing = 0;
		};
		ABFB7B0420A0892000ACBB1A /* Sources */ = {
			isa = PBXSourcesBuildPhase;
			buildActionMask = 2147483647;
			files = (
				ABFB7B0D20A0892000ACBB1A /* werkstuk1Tests.swift in Sources */,
			);
			runOnlyForDeploymentPostprocessing = 0;
		};
		ABFB7B0F20A0892000ACBB1A /* Sources */ = {
			isa = PBXSourcesBuildPhase;
			buildActionMask = 2147483647;
			files = (
				ABFB7B1820A0892000ACBB1A /* werkstuk1UITests.swift in Sources */,
			);
			runOnlyForDeploymentPostprocessing = 0;
		};
/* End PBXSourcesBuildPhase section */

/* Begin PBXTargetDependency section */
		ABFB7B0A20A0892000ACBB1A /* PBXTargetDependency */ = {
			isa = PBXTargetDependency;
			target = ABFB7AF320A0891F00ACBB1A /* werkstuk1 */;
			targetProxy = ABFB7B0920A0892000ACBB1A /* PBXContainerItemProxy */;
		};
		ABFB7B1520A0892000ACBB1A /* PBXTargetDependency */ = {
			isa = PBXTargetDependency;
			target = ABFB7AF320A0891F00ACBB1A /* werkstuk1 */;
			targetProxy = ABFB7B1420A0892000ACBB1A /* PBXContainerItemProxy */;
		};
/* End PBXTargetDependency section */

/* Begin PBXVariantGroup section */
		ABFB7AFB20A0892000ACBB1A /* Main.storyboard */ = {
			isa = PBXVariantGroup;
			children = (
				ABFB7AFC20A0892000ACBB1A /* Base */,
			);
			name = Main.storyboard;
			sourceTree = "<group>";
		};
		ABFB7B0020A0892000ACBB1A /* LaunchScreen.storyboard */ = {
			isa = PBXVariantGroup;
			children = (
				ABFB7B0120A0892000ACBB1A /* Base */,
			);
			name = LaunchScreen.storyboard;
			sourceTree = "<group>";
		};
/* End PBXVariantGroup section */

/* Begin XCBuildConfiguration section */
		ABFB7B1A20A0892000ACBB1A /* Debug */ = {
			isa = XCBuildConfiguration;
			buildSettings = {
				ALWAYS_SEARCH_USER_PATHS = NO;
				CLANG_ANALYZER_NONNULL = YES;
				CLANG_ANALYZER_NUMBER_OBJECT_CONVERSION = YES_AGGRESSIVE;
				CLANG_CXX_LANGUAGE_STANDARD = "gnu++14";
				CLANG_CXX_LIBRARY = "libc++";
				CLANG_ENABLE_MODULES = YES;
				CLANG_ENABLE_OBJC_ARC = YES;
				CLANG_WARN_BLOCK_CAPTURE_AUTORELEASING = YES;
				CLANG_WARN_BOOL_CONVERSION = YES;
				CLANG_WARN_COMMA = YES;
				CLANG_WARN_CONSTANT_CONVERSION = YES;
				CLANG_WARN_DEPRECATED_OBJC_IMPLEMENTATIONS = YES;
				CLANG_WARN_DIRECT_OBJC_ISA_USAGE = YES_ERROR;
				CLANG_WARN_DOCUMENTATION_COMMENTS = YES;
				CLANG_WARN_EMPTY_BODY = YES;
				CLANG_WARN_ENUM_CONVERSION = YES;
				CLANG_WARN_INFINITE_RECURSION = YES;
				CLANG_WARN_INT_CONVERSION = YES;
				CLANG_WARN_NON_LITERAL_NULL_CONVERSION = YES;
				CLANG_WARN_OBJC_IMPLICIT_RETAIN_SELF = YES;
				CLANG_WARN_OBJC_LITERAL_CONVERSION = YES;
				CLANG_WARN_OBJC_ROOT_CLASS = YES_ERROR;
				CLANG_WARN_RANGE_LOOP_ANALYSIS = YES;
				CLANG_WARN_STRICT_PROTOTYPES = YES;
				CLANG_WARN_SUSPICIOUS_MOVE = YES;
				CLANG_WARN_UNGUARDED_AVAILABILITY = YES_AGGRESSIVE;
				CLANG_WARN_UNREACHABLE_CODE = YES;
				CLANG_WARN__DUPLICATE_METHOD_MATCH = YES;
				CODE_SIGN_IDENTITY = "iPhone Developer";
				COPY_PHASE_STRIP = NO;
				DEBUG_INFORMATION_FORMAT = dwarf;
				ENABLE_STRICT_OBJC_MSGSEND = YES;
				ENABLE_TESTABILITY = YES;
				GCC_C_LANGUAGE_STANDARD = gnu11;
				GCC_DYNAMIC_NO_PIC = NO;
				GCC_NO_COMMON_BLOCKS = YES;
				GCC_OPTIMIZATION_LEVEL = 0;
				GCC_PREPROCESSOR_DEFINITIONS = (
					"DEBUG=1",
					"$(inherited)",
				);
				GCC_WARN_64_TO_32_BIT_CONVERSION = YES;
				GCC_WARN_ABOUT_RETURN_TYPE = YES_ERROR;
				GCC_WARN_UNDECLARED_SELECTOR = YES;
				GCC_WARN_UNINITIALIZED_AUTOS = YES_AGGRESSIVE;
				GCC_WARN_UNUSED_FUNCTION = YES;
				GCC_WARN_UNUSED_VARIABLE = YES;
				IPHONEOS_DEPLOYMENT_TARGET = 11.2;
				MTL_ENABLE_DEBUG_INFO = YES;
				ONLY_ACTIVE_ARCH = YES;
				SDKROOT = iphoneos;
				SWIFT_ACTIVE_COMPILATION_CONDITIONS = DEBUG;
				SWIFT_OPTIMIZATION_LEVEL = "-Onone";
			};
			name = Debug;
		};
		ABFB7B1B20A0892000ACBB1A /* Release */ = {
			isa = XCBuildConfiguration;
			buildSettings = {
				ALWAYS_SEARCH_USER_PATHS = NO;
				CLANG_ANALYZER_NONNULL = YES;
				CLANG_ANALYZER_NUMBER_OBJECT_CONVERSION = YES_AGGRESSIVE;
				CLANG_CXX_LANGUAGE_STANDARD = "gnu++14";
				CLANG_CXX_LIBRARY = "libc++";
				CLANG_ENABLE_MODULES = YES;
				CLANG_ENABLE_OBJC_ARC = YES;
				CLANG_WARN_BLOCK_CAPTURE_AUTORELEASING = YES;
				CLANG_WARN_BOOL_CONVERSION = YES;
				CLANG_WARN_COMMA = YES;
				CLANG_WARN_CONSTANT_CONVERSION = YES;
				CLANG_WARN_DEPRECATED_OBJC_IMPLEMENTATIONS = YES;
				CLANG_WARN_DIRECT_OBJC_ISA_USAGE = YES_ERROR;
				CLANG_WARN_DOCUMENTATION_COMMENTS = YES;
				CLANG_WARN_EMPTY_BODY = YES;
				CLANG_WARN_ENUM_CONVERSION = YES;
				CLANG_WARN_INFINITE_RECURSION = YES;
				CLANG_WARN_INT_CONVERSION = YES;
				CLANG_WARN_NON_LITERAL_NULL_CONVERSION = YES;
				CLANG_WARN_OBJC_IMPLICIT_RETAIN_SELF = YES;
				CLANG_WARN_OBJC_LITERAL_CONVERSION = YES;
				CLANG_WARN_OBJC_ROOT_CLASS = YES_ERROR;
				CLANG_WARN_RANGE_LOOP_ANALYSIS = YES;
				CLANG_WARN_STRICT_PROTOTYPES = YES;
				CLANG_WARN_SUSPICIOUS_MOVE = YES;
				CLANG_WARN_UNGUARDED_AVAILABILITY = YES_AGGRESSIVE;
				CLANG_WARN_UNREACHABLE_CODE = YES;
				CLANG_WARN__DUPLICATE_METHOD_MATCH = YES;
				CODE_SIGN_IDENTITY = "iPhone Developer";
				COPY_PHASE_STRIP = NO;
				DEBUG_INFORMATION_FORMAT = "dwarf-with-dsym";
				ENABLE_NS_ASSERTIONS = NO;
				ENABLE_STRICT_OBJC_MSGSEND = YES;
				GCC_C_LANGUAGE_STANDARD = gnu11;
				GCC_NO_COMMON_BLOCKS = YES;
				GCC_WARN_64_TO_32_BIT_CONVERSION = YES;
				GCC_WARN_ABOUT_RETURN_TYPE = YES_ERROR;
				GCC_WARN_UNDECLARED_SELECTOR = YES;
				GCC_WARN_UNINITIALIZED_AUTOS = YES_AGGRESSIVE;
				GCC_WARN_UNUSED_FUNCTION = YES;
				GCC_WARN_UNUSED_VARIABLE = YES;
				IPHONEOS_DEPLOYMENT_TARGET = 11.2;
				MTL_ENABLE_DEBUG_INFO = NO;
				SDKROOT = iphoneos;
				SWIFT_OPTIMIZATION_LEVEL = "-Owholemodule";
				VALIDATE_PRODUCT = YES;
			};
			name = Release;
		};
		ABFB7B1D20A0892000ACBB1A /* Debug */ = {
			isa = XCBuildConfiguration;
			buildSettings = {
				ASSETCATALOG_COMPILER_APPICON_NAME = AppIcon;
				CODE_SIGN_STYLE = Automatic;
				INFOPLIST_FILE = werkstuk1/Info.plist;
				LD_RUNPATH_SEARCH_PATHS = "$(inherited) @executable_path/Frameworks";
				PRODUCT_BUNDLE_IDENTIFIER = com.pieterdirix.werkstuk1;
				PRODUCT_NAME = "$(TARGET_NAME)";
				SWIFT_VERSION = 4.0;
				TARGETED_DEVICE_FAMILY = "1,2";
			};
			name = Debug;
		};
		ABFB7B1E20A0892000ACBB1A /* Release */ = {
			isa = XCBuildConfiguration;
			buildSettings = {
				ASSETCATALOG_COMPILER_APPICON_NAME = AppIcon;
				CODE_SIGN_STYLE = Automatic;
				INFOPLIST_FILE = werkstuk1/Info.plist;
				LD_RUNPATH_SEARCH_PATHS = "$(inherited) @executable_path/Frameworks";
				PRODUCT_BUNDLE_IDENTIFIER = com.pieterdirix.werkstuk1;
				PRODUCT_NAME = "$(TARGET_NAME)";
				SWIFT_VERSION = 4.0;
				TARGETED_DEVICE_FAMILY = "1,2";
			};
			name = Release;
		};
		ABFB7B2020A0892000ACBB1A /* Debug */ = {
			isa = XCBuildConfiguration;
			buildSettings = {
				ALWAYS_EMBED_SWIFT_STANDARD_LIBRARIES = YES;
				BUNDLE_LOADER = "$(TEST_HOST)";
				CODE_SIGN_STYLE = Automatic;
				INFOPLIST_FILE = werkstuk1Tests/Info.plist;
				LD_RUNPATH_SEARCH_PATHS = "$(inherited) @executable_path/Frameworks @loader_path/Frameworks";
				PRODUCT_BUNDLE_IDENTIFIER = com.pieterdirix.werkstuk1Tests;
				PRODUCT_NAME = "$(TARGET_NAME)";
				SWIFT_VERSION = 4.0;
				TARGETED_DEVICE_FAMILY = "1,2";
				TEST_HOST = "$(BUILT_PRODUCTS_DIR)/werkstuk1.app/werkstuk1";
			};
			name = Debug;
		};
		ABFB7B2120A0892000ACBB1A /* Release */ = {
			isa = XCBuildConfiguration;
			buildSettings = {
				ALWAYS_EMBED_SWIFT_STANDARD_LIBRARIES = YES;
				BUNDLE_LOADER = "$(TEST_HOST)";
				CODE_SIGN_STYLE = Automatic;
				INFOPLIST_FILE = werkstuk1Tests/Info.plist;
				LD_RUNPATH_SEARCH_PATHS = "$(inherited) @executable_path/Frameworks @loader_path/Frameworks";
				PRODUCT_BUNDLE_IDENTIFIER = com.pieterdirix.werkstuk1Tests;
				PRODUCT_NAME = "$(TARGET_NAME)";
				SWIFT_VERSION = 4.0;
				TARGETED_DEVICE_FAMILY = "1,2";
				TEST_HOST = "$(BUILT_PRODUCTS_DIR)/werkstuk1.app/werkstuk1";
			};
			name = Release;
		};
		ABFB7B2320A0892000ACBB1A /* Debug */ = {
			isa = XCBuildConfiguration;
			buildSettings = {
				ALWAYS_EMBED_SWIFT_STANDARD_LIBRARIES = YES;
				CODE_SIGN_STYLE = Automatic;
				INFOPLIST_FILE = werkstuk1UITests/Info.plist;
				LD_RUNPATH_SEARCH_PATHS = "$(inherited) @executable_path/Frameworks @loader_path/Frameworks";
				PRODUCT_BUNDLE_IDENTIFIER = com.pieterdirix.werkstuk1UITests;
				PRODUCT_NAME = "$(TARGET_NAME)";
				SWIFT_VERSION = 4.0;
				TARGETED_DEVICE_FAMILY = "1,2";
				TEST_TARGET_NAME = werkstuk1;
			};
			name = Debug;
		};
		ABFB7B2420A0892000ACBB1A /* Release */ = {
			isa = XCBuildConfiguration;
			buildSettings = {
				ALWAYS_EMBED_SWIFT_STANDARD_LIBRARIES = YES;
				CODE_SIGN_STYLE = Automatic;
				INFOPLIST_FILE = werkstuk1UITests/Info.plist;
				LD_RUNPATH_SEARCH_PATHS = "$(inherited) @executable_path/Frameworks @loader_path/Frameworks";
				PRODUCT_BUNDLE_IDENTIFIER = com.pieterdirix.werkstuk1UITests;
				PRODUCT_NAME = "$(TARGET_NAME)";
				SWIFT_VERSION = 4.0;
				TARGETED_DEVICE_FAMILY = "1,2";
				TEST_TARGET_NAME = werkstuk1;
			};
			name = Release;
		};
/* End XCBuildConfiguration section */

/* Begin XCConfigurationList section */
		ABFB7AEF20A0891F00ACBB1A /* Build configuration list for PBXProject "werkstuk1" */ = {
			isa = XCConfigurationList;
			buildConfigurations = (
				ABFB7B1A20A0892000ACBB1A /* Debug */,
				ABFB7B1B20A0892000ACBB1A /* Release */,
			);
			defaultConfigurationIsVisible = 0;
			defaultConfigurationName = Release;
		};
		ABFB7B1C20A0892000ACBB1A /* Build configuration list for PBXNativeTarget "werkstuk1" */ = {
			isa = XCConfigurationList;
			buildConfigurations = (
				ABFB7B1D20A0892000ACBB1A /* Debug */,
				ABFB7B1E20A0892000ACBB1A /* Release */,
			);
			defaultConfigurationIsVisible = 0;
			defaultConfigurationName = Release;
		};
		ABFB7B1F20A0892000ACBB1A /* Build configuration list for PBXNativeTarget "werkstuk1Tests" */ = {
			isa = XCConfigurationList;
			buildConfigurations = (
				ABFB7B2020A0892000ACBB1A /* Debug */,
				ABFB7B2120A0892000ACBB1A /* Release */,
			);
			defaultConfigurationIsVisible = 0;
			defaultConfigurationName = Release;
		};
		ABFB7B2220A0892000ACBB1A /* Build configuration list for PBXNativeTarget "werkstuk1UITests" */ = {
			isa = XCConfigurationList;
			buildConfigurations = (
				ABFB7B2320A0892000ACBB1A /* Debug */,
				ABFB7B2420A0892000ACBB1A /* Release */,
			);
			defaultConfigurationIsVisible = 0;
			defaultConfigurationName = Release;
		};
/* End XCConfigurationList section */
	};
	rootObject = ABFB7AEC20A0891F00ACBB1A /* Project object */;
}
